
Microsoft Visual Studio Solution File, Format Version 12.00
# Visual Studio Version 17
VisualStudioVersion = 17.9.34607.119
MinimumVisualStudioVersion = 10.0.40219.1
Project("{FAE04EC0-301F-11D3-BF4B-00C04F79EFBC}") = "GolfMGC", "GolfMGC.csproj", "{156C51C4-784A-4513-AE94-10F12F38EB02}"
EndProject
Global
	GlobalSection(SolutionConfigurationPlatforms) = preSolution
		Debug|Any CPU = Debug|Any CPU
		Release|Any CPU = Release|Any CPU
	EndGlobalSection
	GlobalSection(ProjectConfigurationPlatforms) = postSolution
		{156C51C4-784A-4513-AE94-10F12F38EB02}.Debug|Any CPU.ActiveCfg = Debug|Any CPU
		{156C51C4-784A-4513-AE94-10F12F38EB02}.Debug|Any CPU.Build.0 = Debug|Any CPU
		{156C51C4-784A-4513-AE94-10F12F38EB02}.Release|Any CPU.ActiveCfg = Release|Any CPU
		{156C51C4-784A-4513-AE94-10F12F38EB02}.Release|Any CPU.Build.0 = Release|Any CPU
	EndGlobalSection
	GlobalSection(SolutionProperties) = preSolution
		HideSolutionNode = FALSE
	EndGlobalSection
	GlobalSection(ExtensibilityGlobals) = postSolution
		SolutionGuid = {0416CDD5-F268-4AF5-BF78-B7078FC4F92F}
	EndGlobalSection
EndGlobal
